Microsoft Visual Studio Solution File, Format Version 12.00
# Visual Studio Version 17
VisualStudioVersion = 17.0.31903.59
MinimumVisualStudioVersion = 10.0.40219.1
Project("{FAE04EC0-301F-11D3-BF4B-00C04F79EFBC}") = "Shatter", "Shatter.vcxproj", "{12345678-90AB-CDEF-1234-567890ABCDEF}"
EndProject
Global
	GlobalSection(SolutionConfigurationPlatforms) = preSolution
		Debug|Any CPU = Debug|Any CPU
		Debug|x64 = Debug|x64
		Debug|x86 = Debug|x86
		Release|Any CPU = Release|Any CPU
		Release|x64 = Release|x64
		Release|x86 = Release|x86
	EndGlobalSection
	GlobalSection(ProjectConfigurationPlatforms) = postSolution
		{12345678-90AB-CDEF-1234-567890ABCDEF}.Debug|Any CPU.ActiveCfg = Debug|Any CPU
		{12345678-90AB-CDEF-1234-567890ABCDEF}.Debug|Any CPU.Build.0 = Debug|Any CPU
		{12345678-90AB-CDEF-1234-567890ABCDEF}.Debug|x64.ActiveCfg = Debug|x64
		{12345678-90AB-CDEF-1234-567890ABCDEF}.Debug|x64.Build.0 = Debug|x64
		{12345678-90AB-CDEF-1234-567890ABCDEF}.Debug|x86.ActiveCfg = Debug|Win32
		{12345678-90AB-CDEF-1234-567890ABCDEF}.Debug|x86.Build.0 = Debug|Win32
		{12345678-90AB-CDEF-1234-567890ABCDEF}.Release|Any CPU.ActiveCfg = Release|x64
		{12345678-90AB-CDEF-1234-567890ABCDEF}.Release|Any CPU.Build.0 = Release|x64
		{12345678-90AB-CDEF-1234-567890ABCDEF}.Release|x64.ActiveCfg = Release|x64
		{12345678-90AB-CDEF-1234-567890ABCDEF}.Release|x64.Build.0 = Release|x64
		{12345678-90AB-CDEF-1234-567890ABCDEF}.Release|x86.ActiveCfg = Release|Win32
		{12345678-90AB-CDEF-1234-567890ABCDEF}.Release|x86.Build.0 = Release|Win32
	EndGlobalSection
	GlobalSection(SolutionProperties) = preSolution
		HideSolutionNode = FALSE
	EndGlobalSection
	GlobalSection(ExtensibilityGlobals) = postSolution
		SolutionGuid = {E9DA49D7-AA7B-40B1-A646-189BE52E9A7D}
	EndGlobalSection
EndGlobal
